
Microsoft Visual Studio Solution File, Format Version 12.00
# Visual Studio Version 16
VisualStudioVersion = 16.0.30907.101
MinimumVisualStudioVersion = 10.0.40219.1
Project("{FAE04EC0-301F-11D3-BF4B-00C04F79EFBC}") = "ExcelReport-Orders", "ExcelReport-Orders.csproj", "{D7F62C41-EB39-4740-A61E-D5B02D0E06F0}"
EndProject
Global
	GlobalSection(SolutionConfigurationPlatforms) = preSolution
		Debug|x86 = Debug|x86
		Release|x86 = Release|x86
	EndGlobalSection
	GlobalSection(ProjectConfigurationPlatforms) = postSolution
		{D7F62C41-EB39-4740-A61E-D5B02D0E06F0}.Debug|x86.ActiveCfg = Debug|x86
		{D7F62C41-EB39-4740-A61E-D5B02D0E06F0}.Debug|x86.Build.0 = Debug|x86
		{D7F62C41-EB39-4740-A61E-D5B02D0E06F0}.Release|x86.ActiveCfg = Release|x86
		{D7F62C41-EB39-4740-A61E-D5B02D0E06F0}.Release|x86.Build.0 = Release|x86
	EndGlobalSection
	GlobalSection(SolutionProperties) = preSolution
		HideSolutionNode = FALSE
	EndGlobalSection
	GlobalSection(ExtensibilityGlobals) = postSolution
		SolutionGuid = {646BD499-B3AB-42E1-AF32-7C9903D76E8D}
	EndGlobalSection
EndGlobal
