
Microsoft Visual Studio Solution File, Format Version 12.00
# Visual Studio Version 16
VisualStudioVersion = 16.0.32602.291
MinimumVisualStudioVersion = 10.0.40219.1
Project("{FAE04EC0-301F-11D3-BF4B-00C04F79EFBC}") = "01-WinFormsControlLibraryExcelRead", "01-WinFormsControlLibraryExcelRead\01-WinFormsControlLibraryExcelRead.csproj", "{4D9D4967-D0EB-44C7-91A5-0C9F5FBC2CC1}"
EndProject
Global
	GlobalSection(SolutionConfigurationPlatforms) = preSolution
		Debug|Any CPU = Debug|Any CPU
		Release|Any CPU = Release|Any CPU
	EndGlobalSection
	GlobalSection(ProjectConfigurationPlatforms) = postSolution
		{4D9D4967-D0EB-44C7-91A5-0C9F5FBC2CC1}.Debug|Any CPU.ActiveCfg = Debug|Any CPU
		{4D9D4967-D0EB-44C7-91A5-0C9F5FBC2CC1}.Debug|Any CPU.Build.0 = Debug|Any CPU
		{4D9D4967-D0EB-44C7-91A5-0C9F5FBC2CC1}.Release|Any CPU.ActiveCfg = Release|Any CPU
		{4D9D4967-D0EB-44C7-91A5-0C9F5FBC2CC1}.Release|Any CPU.Build.0 = Release|Any CPU
	EndGlobalSection
	GlobalSection(SolutionProperties) = preSolution
		HideSolutionNode = FALSE
	EndGlobalSection
	GlobalSection(ExtensibilityGlobals) = postSolution
		SolutionGuid = {61B9F0F4-7617-4C62-8366-626BF7278969}
	EndGlobalSection
EndGlobal
