
Microsoft Visual Studio Solution File, Format Version 12.00
# Visual Studio Version 16
VisualStudioVersion = 16.0.32602.291
MinimumVisualStudioVersion = 10.0.40219.1
Project("{FAE04EC0-301F-11D3-BF4B-00C04F79EFBC}") = "01-WindowsFormsAppExcelRead", "01-WindowsFormsAppExcelRead\01-WindowsFormsAppExcelRead.csproj", "{8E3F7C84-98C7-4A44-982E-64D83FB717F6}"
EndProject
Global
	GlobalSection(SolutionConfigurationPlatforms) = preSolution
		Debug|Any CPU = Debug|Any CPU
		Release|Any CPU = Release|Any CPU
	EndGlobalSection
	GlobalSection(ProjectConfigurationPlatforms) = postSolution
		{8E3F7C84-98C7-4A44-982E-64D83FB717F6}.Debug|Any CPU.ActiveCfg = Debug|Any CPU
		{8E3F7C84-98C7-4A44-982E-64D83FB717F6}.Debug|Any CPU.Build.0 = Debug|Any CPU
		{8E3F7C84-98C7-4A44-982E-64D83FB717F6}.Release|Any CPU.ActiveCfg = Release|Any CPU
		{8E3F7C84-98C7-4A44-982E-64D83FB717F6}.Release|Any CPU.Build.0 = Release|Any CPU
	EndGlobalSection
	GlobalSection(SolutionProperties) = preSolution
		HideSolutionNode = FALSE
	EndGlobalSection
	GlobalSection(ExtensibilityGlobals) = postSolution
		SolutionGuid = {311DD3C1-CBBC-48FB-A70F-E6B82A93BE9D}
	EndGlobalSection
EndGlobal
