
Microsoft Visual Studio Solution File, Format Version 12.00
# Visual Studio Version 16
VisualStudioVersion = 16.0.32602.291
MinimumVisualStudioVersion = 10.0.40219.1
Project("{FAE04EC0-301F-11D3-BF4B-00C04F79EFBC}") = "01-ConsoleAppSqlCrud", "01-ConsoleAppSqlCrud\01-ConsoleAppSqlCrud.csproj", "{F29F22AB-7EB0-46E9-B80D-DFEFC9FB1636}"
EndProject
Global
	GlobalSection(SolutionConfigurationPlatforms) = preSolution
		Debug|Any CPU = Debug|Any CPU
		Release|Any CPU = Release|Any CPU
	EndGlobalSection
	GlobalSection(ProjectConfigurationPlatforms) = postSolution
		{F29F22AB-7EB0-46E9-B80D-DFEFC9FB1636}.Debug|Any CPU.ActiveCfg = Debug|Any CPU
		{F29F22AB-7EB0-46E9-B80D-DFEFC9FB1636}.Debug|Any CPU.Build.0 = Debug|Any CPU
		{F29F22AB-7EB0-46E9-B80D-DFEFC9FB1636}.Release|Any CPU.ActiveCfg = Release|Any CPU
		{F29F22AB-7EB0-46E9-B80D-DFEFC9FB1636}.Release|Any CPU.Build.0 = Release|Any CPU
	EndGlobalSection
	GlobalSection(SolutionProperties) = preSolution
		HideSolutionNode = FALSE
	EndGlobalSection
	GlobalSection(ExtensibilityGlobals) = postSolution
		SolutionGuid = {B940C633-88CA-446C-BCAA-68BD157036B6}
	EndGlobalSection
EndGlobal
