
Microsoft Visual Studio Solution File, Format Version 12.00
# Visual Studio Version 16
VisualStudioVersion = 16.0.32602.291
MinimumVisualStudioVersion = 10.0.40219.1
Project("{FAE04EC0-301F-11D3-BF4B-00C04F79EFBC}") = "jonjam.medium.com-.NET-MVC5", "jonjam.medium.com-.NET-MVC5\jonjam.medium.com-.NET-MVC5.csproj", "{BFA97180-9F26-4726-90A7-EC66ACE21BB8}"
EndProject
Global
	GlobalSection(SolutionConfigurationPlatforms) = preSolution
		Debug|Any CPU = Debug|Any CPU
		Release|Any CPU = Release|Any CPU
	EndGlobalSection
	GlobalSection(ProjectConfigurationPlatforms) = postSolution
		{BFA97180-9F26-4726-90A7-EC66ACE21BB8}.Debug|Any CPU.ActiveCfg = Debug|Any CPU
		{BFA97180-9F26-4726-90A7-EC66ACE21BB8}.Debug|Any CPU.Build.0 = Debug|Any CPU
		{BFA97180-9F26-4726-90A7-EC66ACE21BB8}.Release|Any CPU.ActiveCfg = Release|Any CPU
		{BFA97180-9F26-4726-90A7-EC66ACE21BB8}.Release|Any CPU.Build.0 = Release|Any CPU
	EndGlobalSection
	GlobalSection(SolutionProperties) = preSolution
		HideSolutionNode = FALSE
	EndGlobalSection
	GlobalSection(ExtensibilityGlobals) = postSolution
		SolutionGuid = {4B8C9DDC-CF24-480C-8D6A-4A34F64658A5}
	EndGlobalSection
EndGlobal
