
Microsoft Visual Studio Solution File, Format Version 12.00
# Visual Studio Version 17
VisualStudioVersion = 17.2.32317.152
MinimumVisualStudioVersion = 10.0.40219.1
Project("{FAE04EC0-301F-11D3-BF4B-00C04F79EFBC}") = "TestExcel", "TestExcel.csproj", "{B0BB55D6-15B4-4766-AF91-1F18A02E4EDE}"
EndProject
Global
	GlobalSection(SolutionConfigurationPlatforms) = preSolution
		Debug|Any CPU = Debug|Any CPU
		Release|Any CPU = Release|Any CPU
	EndGlobalSection
	GlobalSection(ProjectConfigurationPlatforms) = postSolution
		{B0BB55D6-15B4-4766-AF91-1F18A02E4EDE}.Debug|Any CPU.ActiveCfg = Debug|Any CPU
		{B0BB55D6-15B4-4766-AF91-1F18A02E4EDE}.Debug|Any CPU.Build.0 = Debug|Any CPU
		{B0BB55D6-15B4-4766-AF91-1F18A02E4EDE}.Release|Any CPU.ActiveCfg = Release|Any CPU
		{B0BB55D6-15B4-4766-AF91-1F18A02E4EDE}.Release|Any CPU.Build.0 = Release|Any CPU
	EndGlobalSection
	GlobalSection(SolutionProperties) = preSolution
		HideSolutionNode = FALSE
	EndGlobalSection
	GlobalSection(ExtensibilityGlobals) = postSolution
		SolutionGuid = {B8DF70D4-7149-4252-ABF1-1335473A089F}
	EndGlobalSection
EndGlobal
