
Microsoft Visual Studio Solution File, Format Version 12.00
# Visual Studio Version 16
VisualStudioVersion = 16.0.32602.291
MinimumVisualStudioVersion = 10.0.40219.1
Project("{FAE04EC0-301F-11D3-BF4B-00C04F79EFBC}") = "01-ConsoleAppExcelCRUDNETCore", "01-ConsoleAppExcelCRUDNETCore\01-ConsoleAppExcelCRUDNETCore.csproj", "{BCE2C927-CCAF-41BF-914E-631D9140ABC4}"
EndProject
Global
	GlobalSection(SolutionConfigurationPlatforms) = preSolution
		Debug|Any CPU = Debug|Any CPU
		Release|Any CPU = Release|Any CPU
	EndGlobalSection
	GlobalSection(ProjectConfigurationPlatforms) = postSolution
		{BCE2C927-CCAF-41BF-914E-631D9140ABC4}.Debug|Any CPU.ActiveCfg = Debug|Any CPU
		{BCE2C927-CCAF-41BF-914E-631D9140ABC4}.Debug|Any CPU.Build.0 = Debug|Any CPU
		{BCE2C927-CCAF-41BF-914E-631D9140ABC4}.Release|Any CPU.ActiveCfg = Release|Any CPU
		{BCE2C927-CCAF-41BF-914E-631D9140ABC4}.Release|Any CPU.Build.0 = Release|Any CPU
	EndGlobalSection
	GlobalSection(SolutionProperties) = preSolution
		HideSolutionNode = FALSE
	EndGlobalSection
	GlobalSection(ExtensibilityGlobals) = postSolution
		SolutionGuid = {12682262-1EEA-4A1F-8A5B-DE30CD9BB71E}
	EndGlobalSection
EndGlobal
